
Microsoft Visual Studio Solution File, Format Version 12.00
# Visual Studio Version 17
VisualStudioVersion = 17.11.35431.28
MinimumVisualStudioVersion = 10.0.40219.1
Project("{FAE04EC0-301F-11D3-BF4B-00C04F79EFBC}") = "TorokDonat_Szamologep", "TorokDonat_Szamologep.csproj", "{FF35B190-39C7-4B54-B01B-89AC445B13BF}"
EndProject
Global
	GlobalSection(SolutionConfigurationPlatforms) = preSolution
		Debug|Any CPU = Debug|Any CPU
		Release|Any CPU = Release|Any CPU
	EndGlobalSection
	GlobalSection(ProjectConfigurationPlatforms) = postSolution
		{FF35B190-39C7-4B54-B01B-89AC445B13BF}.Debug|Any CPU.ActiveCfg = Debug|Any CPU
		{FF35B190-39C7-4B54-B01B-89AC445B13BF}.Debug|Any CPU.Build.0 = Debug|Any CPU
		{FF35B190-39C7-4B54-B01B-89AC445B13BF}.Release|Any CPU.ActiveCfg = Release|Any CPU
		{FF35B190-39C7-4B54-B01B-89AC445B13BF}.Release|Any CPU.Build.0 = Release|Any CPU
	EndGlobalSection
	GlobalSection(SolutionProperties) = preSolution
		HideSolutionNode = FALSE
	EndGlobalSection
	GlobalSection(ExtensibilityGlobals) = postSolution
		SolutionGuid = {D453B6A3-6D71-4056-A77A-7D8E9A8935DB}
	EndGlobalSection
EndGlobal
